
Microsoft Visual Studio Solution File, Format Version 12.00
# Visual Studio Version 17
VisualStudioVersion = 17.8.34316.72
MinimumVisualStudioVersion = 10.0.40219.1
Project("{FAE04EC0-301F-11D3-BF4B-00C04F79EFBC}") = "4_WebFormExercicioTabuada", "4_WebFormExercicioTabuada\4_WebFormExercicioTabuada.csproj", "{CE6B1117-7A3C-4BA7-BDA7-2690D7C04088}"
EndProject
Global
	GlobalSection(SolutionConfigurationPlatforms) = preSolution
		Debug|Any CPU = Debug|Any CPU
		Release|Any CPU = Release|Any CPU
	EndGlobalSection
	GlobalSection(ProjectConfigurationPlatforms) = postSolution
		{CE6B1117-7A3C-4BA7-BDA7-2690D7C04088}.Debug|Any CPU.ActiveCfg = Debug|Any CPU
		{CE6B1117-7A3C-4BA7-BDA7-2690D7C04088}.Debug|Any CPU.Build.0 = Debug|Any CPU
		{CE6B1117-7A3C-4BA7-BDA7-2690D7C04088}.Release|Any CPU.ActiveCfg = Release|Any CPU
		{CE6B1117-7A3C-4BA7-BDA7-2690D7C04088}.Release|Any CPU.Build.0 = Release|Any CPU
	EndGlobalSection
	GlobalSection(SolutionProperties) = preSolution
		HideSolutionNode = FALSE
	EndGlobalSection
	GlobalSection(ExtensibilityGlobals) = postSolution
		SolutionGuid = {B066E766-F828-4B6F-986E-C4EB54BF6C75}
	EndGlobalSection
EndGlobal
